{
  "name": "quiz_app",
  "lockfileVersion": 2,
  "requires": true,
  "packages": {
    "": {
      "dependencies": {
        "sweetalert2": "^11.4.7"
      }
    },
    "node_modules/sweetalert2": {
      "version": "11.4.7",
      "resolved": "https://registry.npmjs.org/sweetalert2/-/sweetalert2-11.4.7.tgz",
      "integrity": "sha512-FSCMcTAo938fq5/bhRN1pUpF9BwyWMZTxB8HdTrDilO8ZmPucRw4uppFkbBPmxjR9OllscFDF9n3GFHUCvMg8g==",
      "funding": {
        "type": "individual",
        "url": "https://sweetalert2.github.io/#donations"
      }
    }
  },
  "dependencies": {
    "sweetalert2": {
      "version": "11.4.7",
      "resolved": "https://registry.npmjs.org/sweetalert2/-/sweetalert2-11.4.7.tgz",
      "integrity": "sha512-FSCMcTAo938fq5/bhRN1pUpF9BwyWMZTxB8HdTrDilO8ZmPucRw4uppFkbBPmxjR9OllscFDF9n3GFHUCvMg8g=="
    }
  }
}
